// !$*UTF8*$!
{
	archiveVersion = 1;
	classes = {
	};
	objectVersion = 50;
	objects = {

/* Begin PBXBuildFile section */
		2112212B7A6E2B3ED3F79163 /* Pods_Smack.framework in Frameworks */ = {isa = PBXBuildFile; fileRef = 235E856DD1BD8BEF3F72716A /* Pods_Smack.framework */; };
		A502916A21D51FE70087F3EA /* AppDelegate.swift in Sources */ = {isa = PBXBuildFile; fileRef = A502916921D51FE70087F3EA /* AppDelegate.swift */; };
		A502916F21D51FE70087F3EA /* Main.storyboard in Resources */ = {isa = PBXBuildFile; fileRef = A502916D21D51FE70087F3EA /* Main.storyboard */; };
		A502917121D51FE90087F3EA /* Assets.xcassets in Resources */ = {isa = PBXBuildFile; fileRef = A502917021D51FE90087F3EA /* Assets.xcassets */; };
		A502917421D51FE90087F3EA /* LaunchScreen.storyboard in Resources */ = {isa = PBXBuildFile; fileRef = A502917221D51FE90087F3EA /* LaunchScreen.storyboard */; };
		A502918621D55AE70087F3EA /* SWRevealViewController.m in Sources */ = {isa = PBXBuildFile; fileRef = A502918321D55AE60087F3EA /* SWRevealViewController.m */; };
		A502918B21D572860087F3EA /* ChatVC.swift in Sources */ = {isa = PBXBuildFile; fileRef = A502918A21D572860087F3EA /* ChatVC.swift */; };
		A502918D21D572EA0087F3EA /* ChannelVC.swift in Sources */ = {isa = PBXBuildFile; fileRef = A502918C21D572EA0087F3EA /* ChannelVC.swift */; };
		A50291AD21D58FBB0087F3EA /* GradientView.swift in Sources */ = {isa = PBXBuildFile; fileRef = A50291AC21D58FBB0087F3EA /* GradientView.swift */; };
		A50291B221D5AAB20087F3EA /* Constans.swift in Sources */ = {isa = PBXBuildFile; fileRef = A50291B121D5AAB20087F3EA /* Constans.swift */; };
		A50291B421D5B9030087F3EA /* LoginVC.swift in Sources */ = {isa = PBXBuildFile; fileRef = A50291B321D5B9030087F3EA /* LoginVC.swift */; };
		A5187B2621D6494C00CDD626 /* CreateAccountVC.swift in Sources */ = {isa = PBXBuildFile; fileRef = A5187B2521D6494C00CDD626 /* CreateAccountVC.swift */; };
		A531CB4921F0A9D000F605E1 /* AddChannelVC.swift in Sources */ = {isa = PBXBuildFile; fileRef = A531CB4721F0A9D000F605E1 /* AddChannelVC.swift */; };
		A531CB4A21F0A9D000F605E1 /* AddChannelVC.xib in Resources */ = {isa = PBXBuildFile; fileRef = A531CB4821F0A9D000F605E1 /* AddChannelVC.xib */; };
		A535132D21E902EF00C472E3 /* CircleImage.swift in Sources */ = {isa = PBXBuildFile; fileRef = A535132C21E902EF00C472E3 /* CircleImage.swift */; };
		A59ADED921DFDA9500AA70F7 /* UserDataService.swift in Sources */ = {isa = PBXBuildFile; fileRef = A59ADED821DFDA9500AA70F7 /* UserDataService.swift */; };
		A5B533B721E978E500582E11 /* ProfileVC.swift in Sources */ = {isa = PBXBuildFile; fileRef = A5B533B521E978E500582E11 /* ProfileVC.swift */; };
		A5B533B821E978E500582E11 /* ProfileVC.xib in Resources */ = {isa = PBXBuildFile; fileRef = A5B533B621E978E500582E11 /* ProfileVC.xib */; };
		A5C2F79B21E77DC80099AE57 /* AvatarPickerVC.swift in Sources */ = {isa = PBXBuildFile; fileRef = A5C2F79A21E77DC80099AE57 /* AvatarPickerVC.swift */; };
		A5C2F79D21E785730099AE57 /* AvatarCell.swift in Sources */ = {isa = PBXBuildFile; fileRef = A5C2F79C21E785730099AE57 /* AvatarCell.swift */; };
		A5CCED5521F24D6000279E4B /* Message.swift in Sources */ = {isa = PBXBuildFile; fileRef = A5CCED5421F24D6000279E4B /* Message.swift */; };
		A5CD611221EF9FDB002331E2 /* MessageService.swift in Sources */ = {isa = PBXBuildFile; fileRef = A5CD611121EF9FDB002331E2 /* MessageService.swift */; };
		A5CD611421EFA29B002331E2 /* Channel.swift in Sources */ = {isa = PBXBuildFile; fileRef = A5CD611321EFA29B002331E2 /* Channel.swift */; };
		A5CDA33F21EFE59A00056A25 /* ChannelCell.swift in Sources */ = {isa = PBXBuildFile; fileRef = A5CDA33E21EFE59A00056A25 /* ChannelCell.swift */; };
		A5D5533F21F0E03C00630D9B /* SocketService.swift in Sources */ = {isa = PBXBuildFile; fileRef = A5D5533E21F0E03C00630D9B /* SocketService.swift */; };
		A5F30F5021DD05BC0042BEF9 /* AuthService.swift in Sources */ = {isa = PBXBuildFile; fileRef = A5F30F4F21DD05BC0042BEF9 /* AuthService.swift */; };
		A5F30F5221DD85F50042BEF9 /* RoundedButton.swift in Sources */ = {isa = PBXBuildFile; fileRef = A5F30F5121DD85F50042BEF9 /* RoundedButton.swift */; };
/* End PBXBuildFile section */

/* Begin PBXFileReference section */
		235E856DD1BD8BEF3F72716A /* Pods_Smack.framework */ = {isa = PBXFileReference; explicitFileType = wrapper.framework; includeInIndex = 0; path = Pods_Smack.framework; sourceTree = BUILT_PRODUCTS_DIR; };
		4E4E683FB9C1FDEC7F5D7808 /* Pods-Smack.debug.xcconfig */ = {isa = PBXFileReference; includeInIndex = 1; lastKnownFileType = text.xcconfig; name = "Pods-Smack.debug.xcconfig"; path = "Pods/Target Support Files/Pods-Smack/Pods-Smack.debug.xcconfig"; sourceTree = "<group>"; };
		7E36608B8BF408C7DBE93448 /* Pods-Smack.release.xcconfig */ = {isa = PBXFileReference; includeInIndex = 1; lastKnownFileType = text.xcconfig; name = "Pods-Smack.release.xcconfig"; path = "Pods/Target Support Files/Pods-Smack/Pods-Smack.release.xcconfig"; sourceTree = "<group>"; };
		A502916621D51FE70087F3EA /* Smack.app */ = {isa = PBXFileReference; explicitFileType = wrapper.application; includeInIndex = 0; path = Smack.app; sourceTree = BUILT_PRODUCTS_DIR; };
		A502916921D51FE70087F3EA /* AppDelegate.swift */ = {isa = PBXFileReference; lastKnownFileType = sourcecode.swift; path = AppDelegate.swift; sourceTree = "<group>"; };
		A502916E21D51FE70087F3EA /* Base */ = {isa = PBXFileReference; lastKnownFileType = file.storyboard; name = Base; path = Base.lproj/Main.storyboard; sourceTree = "<group>"; };
		A502917021D51FE90087F3EA /* Assets.xcassets */ = {isa = PBXFileReference; lastKnownFileType = folder.assetcatalog; path = Assets.xcassets; sourceTree = "<group>"; };
		A502917321D51FE90087F3EA /* Base */ = {isa = PBXFileReference; lastKnownFileType = file.storyboard; name = Base; path = Base.lproj/LaunchScreen.storyboard; sourceTree = "<group>"; };
		A502917521D51FE90087F3EA /* Info.plist */ = {isa = PBXFileReference; lastKnownFileType = text.plist.xml; path = Info.plist; sourceTree = "<group>"; };
		A502917E21D55AD60087F3EA /* Smack-Bridging-Header.h */ = {isa = PBXFileReference; lastKnownFileType = sourcecode.c.h; path = "Smack-Bridging-Header.h"; sourceTree = "<group>"; };
		A502918321D55AE60087F3EA /* SWRevealViewController.m */ = {isa = PBXFileReference; fileEncoding = 4; lastKnownFileType = sourcecode.c.objc; path = SWRevealViewController.m; sourceTree = "<group>"; };
		A502918421D55AE60087F3EA /* SWRevealViewController.h */ = {isa = PBXFileReference; fileEncoding = 4; lastKnownFileType = sourcecode.c.h; path = SWRevealViewController.h; sourceTree = "<group>"; };
		A502918A21D572860087F3EA /* ChatVC.swift */ = {isa = PBXFileReference; lastKnownFileType = sourcecode.swift; path = ChatVC.swift; sourceTree = "<group>"; };
		A502918C21D572EA0087F3EA /* ChannelVC.swift */ = {isa = PBXFileReference; lastKnownFileType = sourcecode.swift; path = ChannelVC.swift; sourceTree = "<group>"; };
		A50291AC21D58FBB0087F3EA /* GradientView.swift */ = {isa = PBXFileReference; lastKnownFileType = sourcecode.swift; path = GradientView.swift; sourceTree = "<group>"; };
		A50291B121D5AAB20087F3EA /* Constans.swift */ = {isa = PBXFileReference; lastKnownFileType = sourcecode.swift; path = Constans.swift; sourceTree = "<group>"; };
		A50291B321D5B9030087F3EA /* LoginVC.swift */ = {isa = PBXFileReference; lastKnownFileType = sourcecode.swift; path = LoginVC.swift; sourceTree = "<group>"; };
		A5187B2521D6494C00CDD626 /* CreateAccountVC.swift */ = {isa = PBXFileReference; lastKnownFileType = sourcecode.swift; path = CreateAccountVC.swift; sourceTree = "<group>"; };
		A531CB4721F0A9D000F605E1 /* AddChannelVC.swift */ = {isa = PBXFileReference; lastKnownFileType = sourcecode.swift; path = AddChannelVC.swift; sourceTree = "<group>"; };
		A531CB4821F0A9D000F605E1 /* AddChannelVC.xib */ = {isa = PBXFileReference; lastKnownFileType = file.xib; path = AddChannelVC.xib; sourceTree = "<group>"; };
		A535132C21E902EF00C472E3 /* CircleImage.swift */ = {isa = PBXFileReference; lastKnownFileType = sourcecode.swift; path = CircleImage.swift; sourceTree = "<group>"; };
		A59ADED821DFDA9500AA70F7 /* UserDataService.swift */ = {isa = PBXFileReference; lastKnownFileType = sourcecode.swift; path = UserDataService.swift; sourceTree = "<group>"; };
		A5B533B521E978E500582E11 /* ProfileVC.swift */ = {isa = PBXFileReference; lastKnownFileType = sourcecode.swift; path = ProfileVC.swift; sourceTree = "<group>"; };
		A5B533B621E978E500582E11 /* ProfileVC.xib */ = {isa = PBXFileReference; lastKnownFileType = file.xib; path = ProfileVC.xib; sourceTree = "<group>"; };
		A5C2F79A21E77DC80099AE57 /* AvatarPickerVC.swift */ = {isa = PBXFileReference; lastKnownFileType = sourcecode.swift; path = AvatarPickerVC.swift; sourceTree = "<group>"; };
		A5C2F79C21E785730099AE57 /* AvatarCell.swift */ = {isa = PBXFileReference; lastKnownFileType = sourcecode.swift; path = AvatarCell.swift; sourceTree = "<group>"; };
		A5CCED5421F24D6000279E4B /* Message.swift */ = {isa = PBXFileReference; lastKnownFileType = sourcecode.swift; path = Message.swift; sourceTree = "<group>"; };
		A5CD611121EF9FDB002331E2 /* MessageService.swift */ = {isa = PBXFileReference; lastKnownFileType = sourcecode.swift; path = MessageService.swift; sourceTree = "<group>"; };
		A5CD611321EFA29B002331E2 /* Channel.swift */ = {isa = PBXFileReference; lastKnownFileType = sourcecode.swift; path = Channel.swift; sourceTree = "<group>"; };
		A5CDA33E21EFE59A00056A25 /* ChannelCell.swift */ = {isa = PBXFileReference; lastKnownFileType = sourcecode.swift; path = ChannelCell.swift; sourceTree = "<group>"; };
		A5D5533E21F0E03C00630D9B /* SocketService.swift */ = {isa = PBXFileReference; lastKnownFileType = sourcecode.swift; path = SocketService.swift; sourceTree = "<group>"; };
		A5F30F4F21DD05BC0042BEF9 /* AuthService.swift */ = {isa = PBXFileReference; lastKnownFileType = sourcecode.swift; path = AuthService.swift; sourceTree = "<group>"; };
		A5F30F5121DD85F50042BEF9 /* RoundedButton.swift */ = {isa = PBXFileReference; lastKnownFileType = sourcecode.swift; path = RoundedButton.swift; sourceTree = "<group>"; };
/* End PBXFileReference section */

/* Begin PBXFrameworksBuildPhase section */
		A502916321D51FE70087F3EA /* Frameworks */ = {
			isa = PBXFrameworksBuildPhase;
			buildActionMask = 2147483647;
			files = (
				2112212B7A6E2B3ED3F79163 /* Pods_Smack.framework in Frameworks */,
			);
			runOnlyForDeploymentPostprocessing = 0;
		};
/* End PBXFrameworksBuildPhase section */

/* Begin PBXGroup section */
		18BDB09B6276F8F3A2D716BF /* Pods */ = {
			isa = PBXGroup;
			children = (
				4E4E683FB9C1FDEC7F5D7808 /* Pods-Smack.debug.xcconfig */,
				7E36608B8BF408C7DBE93448 /* Pods-Smack.release.xcconfig */,
			);
			name = Pods;
			sourceTree = "<group>";
		};
		9859ABAB3159570949E7A1CE /* Frameworks */ = {
			isa = PBXGroup;
			children = (
				235E856DD1BD8BEF3F72716A /* Pods_Smack.framework */,
			);
			name = Frameworks;
			sourceTree = "<group>";
		};
		A502915D21D51FE70087F3EA = {
			isa = PBXGroup;
			children = (
				A502916821D51FE70087F3EA /* Smack */,
				A502917E21D55AD60087F3EA /* Smack-Bridging-Header.h */,
				A502916721D51FE70087F3EA /* Products */,
				18BDB09B6276F8F3A2D716BF /* Pods */,
				9859ABAB3159570949E7A1CE /* Frameworks */,
			);
			sourceTree = "<group>";
		};
		A502916721D51FE70087F3EA /* Products */ = {
			isa = PBXGroup;
			children = (
				A502916621D51FE70087F3EA /* Smack.app */,
			);
			name = Products;
			sourceTree = "<group>";
		};
		A502916821D51FE70087F3EA /* Smack */ = {
			isa = PBXGroup;
			children = (
				A5B533B921E97A7500582E11 /* XIBs */,
				A5F30F4E21DD053A0042BEF9 /* Services */,
				A50291B021D5AA820087F3EA /* Utilities */,
				A502918921D571FD0087F3EA /* Model */,
				A502918821D571EC0087F3EA /* View */,
				A502918721D571D90087F3EA /* Controller */,
				A502917D21D55A850087F3EA /* Supporting files */,
				A502916921D51FE70087F3EA /* AppDelegate.swift */,
				A502916D21D51FE70087F3EA /* Main.storyboard */,
				A502917021D51FE90087F3EA /* Assets.xcassets */,
				A502917221D51FE90087F3EA /* LaunchScreen.storyboard */,
				A502917521D51FE90087F3EA /* Info.plist */,
			);
			path = Smack;
			sourceTree = "<group>";
		};
		A502917D21D55A850087F3EA /* Supporting files */ = {
			isa = PBXGroup;
			children = (
				A502918421D55AE60087F3EA /* SWRevealViewController.h */,
				A502918321D55AE60087F3EA /* SWRevealViewController.m */,
			);
			path = "Supporting files";
			sourceTree = "<group>";
		};
		A502918721D571D90087F3EA /* Controller */ = {
			isa = PBXGroup;
			children = (
				A502918A21D572860087F3EA /* ChatVC.swift */,
				A502918C21D572EA0087F3EA /* ChannelVC.swift */,
				A50291B321D5B9030087F3EA /* LoginVC.swift */,
				A5187B2521D6494C00CDD626 /* CreateAccountVC.swift */,
				A5C2F79A21E77DC80099AE57 /* AvatarPickerVC.swift */,
				A5B533B521E978E500582E11 /* ProfileVC.swift */,
				A531CB4721F0A9D000F605E1 /* AddChannelVC.swift */,
			);
			path = Controller;
			sourceTree = "<group>";
		};
		A502918821D571EC0087F3EA /* View */ = {
			isa = PBXGroup;
			children = (
				A50291AC21D58FBB0087F3EA /* GradientView.swift */,
				A5F30F5121DD85F50042BEF9 /* RoundedButton.swift */,
				A5C2F79C21E785730099AE57 /* AvatarCell.swift */,
				A535132C21E902EF00C472E3 /* CircleImage.swift */,
				A5CDA33E21EFE59A00056A25 /* ChannelCell.swift */,
			);
			path = View;
			sourceTree = "<group>";
		};
		A502918921D571FD0087F3EA /* Model */ = {
			isa = PBXGroup;
			children = (
				A5CD611321EFA29B002331E2 /* Channel.swift */,
				A5CCED5421F24D6000279E4B /* Message.swift */,
			);
			path = Model;
			sourceTree = "<group>";
		};
		A50291B021D5AA820087F3EA /* Utilities */ = {
			isa = PBXGroup;
			children = (
				A50291B121D5AAB20087F3EA /* Constans.swift */,
			);
			path = Utilities;
			sourceTree = "<group>";
		};
		A5B533B921E97A7500582E11 /* XIBs */ = {
			isa = PBXGroup;
			children = (
				A5B533B621E978E500582E11 /* ProfileVC.xib */,
				A531CB4821F0A9D000F605E1 /* AddChannelVC.xib */,
			);
			path = XIBs;
			sourceTree = "<group>";
		};
		A5F30F4E21DD053A0042BEF9 /* Services */ = {
			isa = PBXGroup;
			children = (
				A5F30F4F21DD05BC0042BEF9 /* AuthService.swift */,
				A59ADED821DFDA9500AA70F7 /* UserDataService.swift */,
				A5CD611121EF9FDB002331E2 /* MessageService.swift */,
				A5D5533E21F0E03C00630D9B /* SocketService.swift */,
			);
			path = Services;
			sourceTree = "<group>";
		};
/* End PBXGroup section */

/* Begin PBXNativeTarget section */
		A502916521D51FE70087F3EA /* Smack */ = {
			isa = PBXNativeTarget;
			buildConfigurationList = A502917821D51FE90087F3EA /* Build configuration list for PBXNativeTarget "Smack" */;
			buildPhases = (
				790FD2038BD0B252989097D0 /* [CP] Check Pods Manifest.lock */,
				A502916221D51FE70087F3EA /* Sources */,
				A502916321D51FE70087F3EA /* Frameworks */,
				A502916421D51FE70087F3EA /* Resources */,
				8CEB3EE71324003E3DE2F24F /* [CP] Embed Pods Frameworks */,
			);
			buildRules = (
			);
			dependencies = (
			);
			name = Smack;
			productName = Smack;
			productReference = A502916621D51FE70087F3EA /* Smack.app */;
			productType = "com.apple.product-type.application";
		};
/* End PBXNativeTarget section */

/* Begin PBXProject section */
		A502915E21D51FE70087F3EA /* Project object */ = {
			isa = PBXProject;
			attributes = {
				LastSwiftUpdateCheck = 1010;
				LastUpgradeCheck = 1010;
				ORGANIZATIONNAME = Jenifer;
				TargetAttributes = {
					A502916521D51FE70087F3EA = {
						CreatedOnToolsVersion = 10.1;
						LastSwiftMigration = 1010;
					};
				};
			};
			buildConfigurationList = A502916121D51FE70087F3EA /* Build configuration list for PBXProject "Smack" */;
			compatibilityVersion = "Xcode 9.3";
			developmentRegion = en;
			hasScannedForEncodings = 0;
			knownRegions = (
				en,
				Base,
			);
			mainGroup = A502915D21D51FE70087F3EA;
			productRefGroup = A502916721D51FE70087F3EA /* Products */;
			projectDirPath = "";
			projectRoot = "";
			targets = (
				A502916521D51FE70087F3EA /* Smack */,
			);
		};
/* End PBXProject section */

/* Begin PBXResourcesBuildPhase section */
		A502916421D51FE70087F3EA /* Resources */ = {
			isa = PBXResourcesBuildPhase;
			buildActionMask = 2147483647;
			files = (
				A531CB4A21F0A9D000F605E1 /* AddChannelVC.xib in Resources */,
				A5B533B821E978E500582E11 /* ProfileVC.xib in Resources */,
				A502917421D51FE90087F3EA /* LaunchScreen.storyboard in Resources */,
				A502917121D51FE90087F3EA /* Assets.xcassets in Resources */,
				A502916F21D51FE70087F3EA /* Main.storyboard in Resources */,
			);
			runOnlyForDeploymentPostprocessing = 0;
		};
/* End PBXResourcesBuildPhase section */

/* Begin PBXShellScriptBuildPhase section */
		790FD2038BD0B252989097D0 /* [CP] Check Pods Manifest.lock */ = {
			isa = PBXShellScriptBuildPhase;
			buildActionMask = 2147483647;
			files = (
			);
			inputFileListPaths = (
			);
			inputPaths = (
				"${PODS_PODFILE_DIR_PATH}/Podfile.lock",
				"${PODS_ROOT}/Manifest.lock",
			);
			name = "[CP] Check Pods Manifest.lock";
			outputFileListPaths = (
			);
			outputPaths = (
				"$(DERIVED_FILE_DIR)/Pods-Smack-checkManifestLockResult.txt",
			);
			runOnlyForDeploymentPostprocessing = 0;
			shellPath = /bin/sh;
			shellScript = "diff \"${PODS_PODFILE_DIR_PATH}/Podfile.lock\" \"${PODS_ROOT}/Manifest.lock\" > /dev/null\nif [ $? != 0 ] ; then\n    # print error to STDERR\n    echo \"error: The sandbox is not in sync with the Podfile.lock. Run 'pod install' or update your CocoaPods installation.\" >&2\n    exit 1\nfi\n# This output is used by Xcode 'outputs' to avoid re-running this script phase.\necho \"SUCCESS\" > \"${SCRIPT_OUTPUT_FILE_0}\"\n";
			showEnvVarsInLog = 0;
		};
		8CEB3EE71324003E3DE2F24F /* [CP] Embed Pods Frameworks */ = {
			isa = PBXShellScriptBuildPhase;
			buildActionMask = 2147483647;
			files = (
			);
			inputFileListPaths = (
			);
			inputPaths = (
				"${SRCROOT}/Pods/Target Support Files/Pods-Smack/Pods-Smack-frameworks.sh",
				"${BUILT_PRODUCTS_DIR}/Alamofire/Alamofire.framework",
				"${BUILT_PRODUCTS_DIR}/Socket.IO-Client-Swift/SocketIO.framework",
				"${BUILT_PRODUCTS_DIR}/Starscream/Starscream.framework",
				"${BUILT_PRODUCTS_DIR}/SwiftyJSON/SwiftyJSON.framework",
			);
			name = "[CP] Embed Pods Frameworks";
			outputFileListPaths = (
			);
			outputPaths = (
				"${TARGET_BUILD_DIR}/${FRAMEWORKS_FOLDER_PATH}/Alamofire.framework",
				"${TARGET_BUILD_DIR}/${FRAMEWORKS_FOLDER_PATH}/SocketIO.framework",
				"${TARGET_BUILD_DIR}/${FRAMEWORKS_FOLDER_PATH}/Starscream.framework",
				"${TARGET_BUILD_DIR}/${FRAMEWORKS_FOLDER_PATH}/SwiftyJSON.framework",
			);
			runOnlyForDeploymentPostprocessing = 0;
			shellPath = /bin/sh;
			shellScript = "\"${SRCROOT}/Pods/Target Support Files/Pods-Smack/Pods-Smack-frameworks.sh\"\n";
			showEnvVarsInLog = 0;
		};
/* End PBXShellScriptBuildPhase section */

/* Begin PBXSourcesBuildPhase section */
		A502916221D51FE70087F3EA /* Sources */ = {
			isa = PBXSourcesBuildPhase;
			buildActionMask = 2147483647;
			files = (
				A5D5533F21F0E03C00630D9B /* SocketService.swift in Sources */,
				A5B533B721E978E500582E11 /* ProfileVC.swift in Sources */,
				A5CDA33F21EFE59A00056A25 /* ChannelCell.swift in Sources */,
				A502918D21D572EA0087F3EA /* ChannelVC.swift in Sources */,
				A5C2F79B21E77DC80099AE57 /* AvatarPickerVC.swift in Sources */,
				A5F30F5221DD85F50042BEF9 /* RoundedButton.swift in Sources */,
				A5CCED5521F24D6000279E4B /* Message.swift in Sources */,
				A5CD611421EFA29B002331E2 /* Channel.swift in Sources */,
				A535132D21E902EF00C472E3 /* CircleImage.swift in Sources */,
				A5CD611221EF9FDB002331E2 /* MessageService.swift in Sources */,
				A502918B21D572860087F3EA /* ChatVC.swift in Sources */,
				A59ADED921DFDA9500AA70F7 /* UserDataService.swift in Sources */,
				A5187B2621D6494C00CDD626 /* CreateAccountVC.swift in Sources */,
				A5F30F5021DD05BC0042BEF9 /* AuthService.swift in Sources */,
				A50291B421D5B9030087F3EA /* LoginVC.swift in Sources */,
				A531CB4921F0A9D000F605E1 /* AddChannelVC.swift in Sources */,
				A50291B221D5AAB20087F3EA /* Constans.swift in Sources */,
				A5C2F79D21E785730099AE57 /* AvatarCell.swift in Sources */,
				A50291AD21D58FBB0087F3EA /* GradientView.swift in Sources */,
				A502916A21D51FE70087F3EA /* AppDelegate.swift in Sources */,
				A502918621D55AE70087F3EA /* SWRevealViewController.m in Sources */,
			);
			runOnlyForDeploymentPostprocessing = 0;
		};
/* End PBXSourcesBuildPhase section */

/* Begin PBXVariantGroup section */
		A502916D21D51FE70087F3EA /* Main.storyboard */ = {
			isa = PBXVariantGroup;
			children = (
				A502916E21D51FE70087F3EA /* Base */,
			);
			name = Main.storyboard;
			sourceTree = "<group>";
		};
		A502917221D51FE90087F3EA /* LaunchScreen.storyboard */ = {
			isa = PBXVariantGroup;
			children = (
				A502917321D51FE90087F3EA /* Base */,
			);
			name = LaunchScreen.storyboard;
			sourceTree = "<group>";
		};
/* End PBXVariantGroup section */

/* Begin XCBuildConfiguration section */
		A502917621D51FE90087F3EA /* Debug */ = {
			isa = XCBuildConfiguration;
			buildSettings = {
				ALWAYS_SEARCH_USER_PATHS = NO;
				CLANG_ANALYZER_NONNULL = YES;
				CLANG_ANALYZER_NUMBER_OBJECT_CONVERSION = YES_AGGRESSIVE;
				CLANG_CXX_LANGUAGE_STANDARD = "gnu++14";
				CLANG_CXX_LIBRARY = "libc++";
				CLANG_ENABLE_MODULES = YES;
				CLANG_ENABLE_OBJC_ARC = YES;
				CLANG_ENABLE_OBJC_WEAK = YES;
				CLANG_WARN_BLOCK_CAPTURE_AUTORELEASING = YES;
				CLANG_WARN_BOOL_CONVERSION = YES;
				CLANG_WARN_COMMA = YES;
				CLANG_WARN_CONSTANT_CONVERSION = YES;
				CLANG_WARN_DEPRECATED_OBJC_IMPLEMENTATIONS = YES;
				CLANG_WARN_DIRECT_OBJC_ISA_USAGE = YES_ERROR;
				CLANG_WARN_DOCUMENTATION_COMMENTS = YES;
				CLANG_WARN_EMPTY_BODY = YES;
				CLANG_WARN_ENUM_CONVERSION = YES;
				CLANG_WARN_INFINITE_RECURSION = YES;
				CLANG_WARN_INT_CONVERSION = YES;
				CLANG_WARN_NON_LITERAL_NULL_CONVERSION = YES;
				CLANG_WARN_OBJC_IMPLICIT_RETAIN_SELF = YES;
				CLANG_WARN_OBJC_LITERAL_CONVERSION = YES;
				CLANG_WARN_OBJC_ROOT_CLASS = YES_ERROR;
				CLANG_WARN_RANGE_LOOP_ANALYSIS = YES;
				CLANG_WARN_STRICT_PROTOTYPES = YES;
				CLANG_WARN_SUSPICIOUS_MOVE = YES;
				CLANG_WARN_UNGUARDED_AVAILABILITY = YES_AGGRESSIVE;
				CLANG_WARN_UNREACHABLE_CODE = YES;
				CLANG_WARN__DUPLICATE_METHOD_MATCH = YES;
				CODE_SIGN_IDENTITY = "iPhone Developer";
				COPY_PHASE_STRIP = NO;
				DEBUG_INFORMATION_FORMAT = dwarf;
				ENABLE_STRICT_OBJC_MSGSEND = YES;
				ENABLE_TESTABILITY = YES;
				GCC_C_LANGUAGE_STANDARD = gnu11;
				GCC_DYNAMIC_NO_PIC = NO;
				GCC_NO_COMMON_BLOCKS = YES;
				GCC_OPTIMIZATION_LEVEL = 0;
				GCC_PREPROCESSOR_DEFINITIONS = (
					"DEBUG=1",
					"$(inherited)",
				);
				GCC_WARN_64_TO_32_BIT_CONVERSION = YES;
				GCC_WARN_ABOUT_RETURN_TYPE = YES_ERROR;
				GCC_WARN_UNDECLARED_SELECTOR = YES;
				GCC_WARN_UNINITIALIZED_AUTOS = YES_AGGRESSIVE;
				GCC_WARN_UNUSED_FUNCTION = YES;
				GCC_WARN_UNUSED_VARIABLE = YES;
				IPHONEOS_DEPLOYMENT_TARGET = 12.1;
				MTL_ENABLE_DEBUG_INFO = INCLUDE_SOURCE;
				MTL_FAST_MATH = YES;
				ONLY_ACTIVE_ARCH = YES;
				SDKROOT = iphoneos;
				SWIFT_ACTIVE_COMPILATION_CONDITIONS = DEBUG;
				SWIFT_OPTIMIZATION_LEVEL = "-Onone";
			};
			name = Debug;
		};
		A502917721D51FE90087F3EA /* Release */ = {
			isa = XCBuildConfiguration;
			buildSettings = {
				ALWAYS_SEARCH_USER_PATHS = NO;
				CLANG_ANALYZER_NONNULL = YES;
				CLANG_ANALYZER_NUMBER_OBJECT_CONVERSION = YES_AGGRESSIVE;
				CLANG_CXX_LANGUAGE_STANDARD = "gnu++14";
				CLANG_CXX_LIBRARY = "libc++";
				CLANG_ENABLE_MODULES = YES;
				CLANG_ENABLE_OBJC_ARC = YES;
				CLANG_ENABLE_OBJC_WEAK = YES;
				CLANG_WARN_BLOCK_CAPTURE_AUTORELEASING = YES;
				CLANG_WARN_BOOL_CONVERSION = YES;
				CLANG_WARN_COMMA = YES;
				CLANG_WARN_CONSTANT_CONVERSION = YES;
				CLANG_WARN_DEPRECATED_OBJC_IMPLEMENTATIONS = YES;
				CLANG_WARN_DIRECT_OBJC_ISA_USAGE = YES_ERROR;
				CLANG_WARN_DOCUMENTATION_COMMENTS = YES;
				CLANG_WARN_EMPTY_BODY = YES;
				CLANG_WARN_ENUM_CONVERSION = YES;
				CLANG_WARN_INFINITE_RECURSION = YES;
				CLANG_WARN_INT_CONVERSION = YES;
				CLANG_WARN_NON_LITERAL_NULL_CONVERSION = YES;
				CLANG_WARN_OBJC_IMPLICIT_RETAIN_SELF = YES;
				CLANG_WARN_OBJC_LITERAL_CONVERSION = YES;
				CLANG_WARN_OBJC_ROOT_CLASS = YES_ERROR;
				CLANG_WARN_RANGE_LOOP_ANALYSIS = YES;
				CLANG_WARN_STRICT_PROTOTYPES = YES;
				CLANG_WARN_SUSPICIOUS_MOVE = YES;
				CLANG_WARN_UNGUARDED_AVAILABILITY = YES_AGGRESSIVE;
				CLANG_WARN_UNREACHABLE_CODE = YES;
				CLANG_WARN__DUPLICATE_METHOD_MATCH = YES;
				CODE_SIGN_IDENTITY = "iPhone Developer";
				COPY_PHASE_STRIP = NO;
				DEBUG_INFORMATION_FORMAT = "dwarf-with-dsym";
				ENABLE_NS_ASSERTIONS = NO;
				ENABLE_STRICT_OBJC_MSGSEND = YES;
				GCC_C_LANGUAGE_STANDARD = gnu11;
				GCC_NO_COMMON_BLOCKS = YES;
				GCC_WARN_64_TO_32_BIT_CONVERSION = YES;
				GCC_WARN_ABOUT_RETURN_TYPE = YES_ERROR;
				GCC_WARN_UNDECLARED_SELECTOR = YES;
				GCC_WARN_UNINITIALIZED_AUTOS = YES_AGGRESSIVE;
				GCC_WARN_UNUSED_FUNCTION = YES;
				GCC_WARN_UNUSED_VARIABLE = YES;
				IPHONEOS_DEPLOYMENT_TARGET = 12.1;
				MTL_ENABLE_DEBUG_INFO = NO;
				MTL_FAST_MATH = YES;
				SDKROOT = iphoneos;
				SWIFT_COMPILATION_MODE = wholemodule;
				SWIFT_OPTIMIZATION_LEVEL = "-O";
				VALIDATE_PRODUCT = YES;
			};
			name = Release;
		};
		A502917921D51FE90087F3EA /* Debug */ = {
			isa = XCBuildConfiguration;
			baseConfigurationReference = 4E4E683FB9C1FDEC7F5D7808 /* Pods-Smack.debug.xcconfig */;
			buildSettings = {
				ASSETCATALOG_COMPILER_APPICON_NAME = AppIcon;
				CLANG_ENABLE_MODULES = YES;
				CODE_SIGN_STYLE = Automatic;
				INFOPLIST_FILE = Smack/Info.plist;
				LD_RUNPATH_SEARCH_PATHS = (
					"$(inherited)",
					"@executable_path/Frameworks",
				);
				PRODUCT_BUNDLE_IDENTIFIER = com.jenifer.web.Smack;
				PRODUCT_NAME = "$(TARGET_NAME)";
				SWIFT_OBJC_BRIDGING_HEADER = "Smack-Bridging-Header.h";
				SWIFT_OPTIMIZATION_LEVEL = "-Onone";
				SWIFT_VERSION = 4.2;
				TARGETED_DEVICE_FAMILY = "1,2";
			};
			name = Debug;
		};
		A502917A21D51FE90087F3EA /* Release */ = {
			isa = XCBuildConfiguration;
			baseConfigurationReference = 7E36608B8BF408C7DBE93448 /* Pods-Smack.release.xcconfig */;
			buildSettings = {
				ASSETCATALOG_COMPILER_APPICON_NAME = AppIcon;
				CLANG_ENABLE_MODULES = YES;
				CODE_SIGN_STYLE = Automatic;
				INFOPLIST_FILE = Smack/Info.plist;
				LD_RUNPATH_SEARCH_PATHS = (
					"$(inherited)",
					"@executable_path/Frameworks",
				);
				PRODUCT_BUNDLE_IDENTIFIER = com.jenifer.web.Smack;
				PRODUCT_NAME = "$(TARGET_NAME)";
				SWIFT_OBJC_BRIDGING_HEADER = "Smack-Bridging-Header.h";
				SWIFT_VERSION = 4.2;
				TARGETED_DEVICE_FAMILY = "1,2";
			};
			name = Release;
		};
/* End XCBuildConfiguration section */

/* Begin XCConfigurationList section */
		A502916121D51FE70087F3EA /* Build configuration list for PBXProject "Smack" */ = {
			isa = XCConfigurationList;
			buildConfigurations = (
				A502917621D51FE90087F3EA /* Debug */,
				A502917721D51FE90087F3EA /* Release */,
			);
			defaultConfigurationIsVisible = 0;
			defaultConfigurationName = Release;
		};
		A502917821D51FE90087F3EA /* Build configuration list for PBXNativeTarget "Smack" */ = {
			isa = XCConfigurationList;
			buildConfigurations = (
				A502917921D51FE90087F3EA /* Debug */,
				A502917A21D51FE90087F3EA /* Release */,
			);
			defaultConfigurationIsVisible = 0;
			defaultConfigurationName = Release;
		};
/* End XCConfigurationList section */
	};
	rootObject = A502915E21D51FE70087F3EA /* Project object */;
}
